
Microsoft Visual Studio Solution File, Format Version 12.00
# Visual Studio Version 16
VisualStudioVersion = 16.0.30907.101
MinimumVisualStudioVersion = 10.0.40219.1
Project("{9A19103F-16F7-4668-BE54-9A1E7A4F7556}") = "DailyComic.AzureFunctions", "DailyComic.AzureFunctions\DailyComic.AzureFunctions.csproj", "{AA64957C-5FA7-4994-BFC4-E18CB1DB0A78}"
EndProject
Project("{9A19103F-16F7-4668-BE54-9A1E7A4F7556}") = "DailyComic.Contracts", "DailyComic.Contracts\DailyComic.Contracts.csproj", "{DA91B3D3-BCD6-42ED-B059-3A48CB217F11}"
EndProject
Project("{9A19103F-16F7-4668-BE54-9A1E7A4F7556}") = "DailyComic.Model", "DailyComic.Model\DailyComic.Model.csproj", "{F325FE01-9A55-4859-952C-F917CE4856E4}"
EndProject
Project("{9A19103F-16F7-4668-BE54-9A1E7A4F7556}") = "DailyComic.Integrations.Teams", "DailyComic.Integrations.Teams\DailyComic.Integrations.Teams.csproj", "{347F8BA1-7698-4A1F-9B11-F17359AA132F}"
EndProject
Project("{9A19103F-16F7-4668-BE54-9A1E7A4F7556}") = "DailyComic.Integrations.Slack", "DailyComic.Integrations.Slack\DailyComic.Integrations.Slack.csproj", "{8E455BDE-8EDD-48CE-B8CD-EFA1903086D6}"
EndProject
Project("{9A19103F-16F7-4668-BE54-9A1E7A4F7556}") = "DailyComic.Subscriptions.AzureStorage", "DailyComic.Subscriptions.AzureStorage\DailyComic.Subscriptions.AzureStorage.csproj", "{8E89F706-BCE6-42BA-A486-057C039C4DF2}"
EndProject
Project("{9A19103F-16F7-4668-BE54-9A1E7A4F7556}") = "DailyComic.Retrievers.Dilbert", "DailyComic.Retrievers.Dilbert\DailyComic.Retrievers.Dilbert.csproj", "{6FCBFA9E-002B-4FD7-A045-1B048433C13B}"
EndProject
Project("{FAE04EC0-301F-11D3-BF4B-00C04F79EFBC}") = "DailyComic.Retrievers.CommitStrip", "DailyComic.Retrievers.CommitStrip\DailyComic.Retrievers.CommitStrip.csproj", "{1A9A00DA-6B4D-4CAA-9CA4-EFA060B4FABD}"
EndProject
Project("{2150E333-8FDC-42A3-9474-1A3956D46DE8}") = "ComicRetrievers", "ComicRetrievers", "{FE575BDB-FA6C-4DD7-B85E-ACDDBEBE71B8}"
EndProject
Project("{2150E333-8FDC-42A3-9474-1A3956D46DE8}") = "Integrations", "Integrations", "{21CB092F-D3A2-4710-89C8-A82D9AAF3563}"
EndProject
Project("{FAE04EC0-301F-11D3-BF4B-00C04F79EFBC}") = "DailyComic.Retrievers.MonkeyUser", "DailyComic.Retrievers.MonkeyUser\DailyComic.Retrievers.MonkeyUser.csproj", "{8EF0E2BD-4450-4E17-A800-E89FC8BE5DA0}"
EndProject
Project("{FAE04EC0-301F-11D3-BF4B-00C04F79EFBC}") = "DailyComic.HtmlUtils", "DailyComic.HtmlUtils\DailyComic.HtmlUtils.csproj", "{50CD2F27-EE06-4022-81B5-677ECB1528E5}"
EndProject
Project("{FAE04EC0-301F-11D3-BF4B-00C04F79EFBC}") = "DailyComic.HtmlUtils.Tests", "DailyComic.HtmlUtils.Tests\DailyComic.HtmlUtils.Tests.csproj", "{15A388D8-BA87-48A1-A1E3-D319212813C1}"
EndProject
Global
	GlobalSection(SolutionConfigurationPlatforms) = preSolution
		Debug|Any CPU = Debug|Any CPU
		Release|Any CPU = Release|Any CPU
	EndGlobalSection
	GlobalSection(ProjectConfigurationPlatforms) = postSolution
		{AA64957C-5FA7-4994-BFC4-E18CB1DB0A78}.Debug|Any CPU.ActiveCfg = Debug|Any CPU
		{AA64957C-5FA7-4994-BFC4-E18CB1DB0A78}.Debug|Any CPU.Build.0 = Debug|Any CPU
		{AA64957C-5FA7-4994-BFC4-E18CB1DB0A78}.Release|Any CPU.ActiveCfg = Release|Any CPU
		{AA64957C-5FA7-4994-BFC4-E18CB1DB0A78}.Release|Any CPU.Build.0 = Release|Any CPU
		{DA91B3D3-BCD6-42ED-B059-3A48CB217F11}.Debug|Any CPU.ActiveCfg = Debug|Any CPU
		{DA91B3D3-BCD6-42ED-B059-3A48CB217F11}.Debug|Any CPU.Build.0 = Debug|Any CPU
		{DA91B3D3-BCD6-42ED-B059-3A48CB217F11}.Release|Any CPU.ActiveCfg = Release|Any CPU
		{DA91B3D3-BCD6-42ED-B059-3A48CB217F11}.Release|Any CPU.Build.0 = Release|Any CPU
		{F325FE01-9A55-4859-952C-F917CE4856E4}.Debug|Any CPU.ActiveCfg = Debug|Any CPU
		{F325FE01-9A55-4859-952C-F917CE4856E4}.Debug|Any CPU.Build.0 = Debug|Any CPU
		{F325FE01-9A55-4859-952C-F917CE4856E4}.Release|Any CPU.ActiveCfg = Release|Any CPU
		{F325FE01-9A55-4859-952C-F917CE4856E4}.Release|Any CPU.Build.0 = Release|Any CPU
		{347F8BA1-7698-4A1F-9B11-F17359AA132F}.Debug|Any CPU.ActiveCfg = Debug|Any CPU
		{347F8BA1-7698-4A1F-9B11-F17359AA132F}.Debug|Any CPU.Build.0 = Debug|Any CPU
		{347F8BA1-7698-4A1F-9B11-F17359AA132F}.Release|Any CPU.ActiveCfg = Release|Any CPU
		{347F8BA1-7698-4A1F-9B11-F17359AA132F}.Release|Any CPU.Build.0 = Release|Any CPU
		{8E455BDE-8EDD-48CE-B8CD-EFA1903086D6}.Debug|Any CPU.ActiveCfg = Debug|Any CPU
		{8E455BDE-8EDD-48CE-B8CD-EFA1903086D6}.Debug|Any CPU.Build.0 = Debug|Any CPU
		{8E455BDE-8EDD-48CE-B8CD-EFA1903086D6}.Release|Any CPU.ActiveCfg = Release|Any CPU
		{8E455BDE-8EDD-48CE-B8CD-EFA1903086D6}.Release|Any CPU.Build.0 = Release|Any CPU
		{8E89F706-BCE6-42BA-A486-057C039C4DF2}.Debug|Any CPU.ActiveCfg = Debug|Any CPU
		{8E89F706-BCE6-42BA-A486-057C039C4DF2}.Debug|Any CPU.Build.0 = Debug|Any CPU
		{8E89F706-BCE6-42BA-A486-057C039C4DF2}.Release|Any CPU.ActiveCfg = Release|Any CPU
		{8E89F706-BCE6-42BA-A486-057C039C4DF2}.Release|Any CPU.Build.0 = Release|Any CPU
		{6FCBFA9E-002B-4FD7-A045-1B048433C13B}.Debug|Any CPU.ActiveCfg = Debug|Any CPU
		{6FCBFA9E-002B-4FD7-A045-1B048433C13B}.Debug|Any CPU.Build.0 = Debug|Any CPU
		{6FCBFA9E-002B-4FD7-A045-1B048433C13B}.Release|Any CPU.ActiveCfg = Release|Any CPU
		{6FCBFA9E-002B-4FD7-A045-1B048433C13B}.Release|Any CPU.Build.0 = Release|Any CPU
		{1A9A00DA-6B4D-4CAA-9CA4-EFA060B4FABD}.Debug|Any CPU.ActiveCfg = Debug|Any CPU
		{1A9A00DA-6B4D-4CAA-9CA4-EFA060B4FABD}.Debug|Any CPU.Build.0 = Debug|Any CPU
		{1A9A00DA-6B4D-4CAA-9CA4-EFA060B4FABD}.Release|Any CPU.ActiveCfg = Release|Any CPU
		{1A9A00DA-6B4D-4CAA-9CA4-EFA060B4FABD}.Release|Any CPU.Build.0 = Release|Any CPU
		{8EF0E2BD-4450-4E17-A800-E89FC8BE5DA0}.Debug|Any CPU.ActiveCfg = Debug|Any CPU
		{8EF0E2BD-4450-4E17-A800-E89FC8BE5DA0}.Debug|Any CPU.Build.0 = Debug|Any CPU
		{8EF0E2BD-4450-4E17-A800-E89FC8BE5DA0}.Release|Any CPU.ActiveCfg = Release|Any CPU
		{8EF0E2BD-4450-4E17-A800-E89FC8BE5DA0}.Release|Any CPU.Build.0 = Release|Any CPU
		{50CD2F27-EE06-4022-81B5-677ECB1528E5}.Debug|Any CPU.ActiveCfg = Debug|Any CPU
		{50CD2F27-EE06-4022-81B5-677ECB1528E5}.Debug|Any CPU.Build.0 = Debug|Any CPU
		{50CD2F27-EE06-4022-81B5-677ECB1528E5}.Release|Any CPU.ActiveCfg = Release|Any CPU
		{50CD2F27-EE06-4022-81B5-677ECB1528E5}.Release|Any CPU.Build.0 = Release|Any CPU
		{15A388D8-BA87-48A1-A1E3-D319212813C1}.Debug|Any CPU.ActiveCfg = Debug|Any CPU
		{15A388D8-BA87-48A1-A1E3-D319212813C1}.Debug|Any CPU.Build.0 = Debug|Any CPU
		{15A388D8-BA87-48A1-A1E3-D319212813C1}.Release|Any CPU.ActiveCfg = Release|Any CPU
		{15A388D8-BA87-48A1-A1E3-D319212813C1}.Release|Any CPU.Build.0 = Release|Any CPU
	EndGlobalSection
	GlobalSection(SolutionProperties) = preSolution
		HideSolutionNode = FALSE
	EndGlobalSection
	GlobalSection(NestedProjects) = preSolution
		{347F8BA1-7698-4A1F-9B11-F17359AA132F} = {21CB092F-D3A2-4710-89C8-A82D9AAF3563}
		{8E455BDE-8EDD-48CE-B8CD-EFA1903086D6} = {21CB092F-D3A2-4710-89C8-A82D9AAF3563}
		{6FCBFA9E-002B-4FD7-A045-1B048433C13B} = {FE575BDB-FA6C-4DD7-B85E-ACDDBEBE71B8}
		{1A9A00DA-6B4D-4CAA-9CA4-EFA060B4FABD} = {FE575BDB-FA6C-4DD7-B85E-ACDDBEBE71B8}
		{8EF0E2BD-4450-4E17-A800-E89FC8BE5DA0} = {FE575BDB-FA6C-4DD7-B85E-ACDDBEBE71B8}
	EndGlobalSection
	GlobalSection(ExtensibilityGlobals) = postSolution
		SolutionGuid = {B77E8477-4E89-423A-8F86-8353CFF3CACA}
	EndGlobalSection
EndGlobal
